
Microsoft Visual Studio Solution File, Format Version 12.00
# Visual Studio Version 17
VisualStudioVersion = 17.11.34909.67
MinimumVisualStudioVersion = 10.0.40219.1
Project("{FAE04EC0-301F-11D3-BF4B-00C04F79EFBC}") = "City_gym_membership_form", "City_gym_membership_form\City_gym_membership_form.csproj", "{47592833-72DE-4151-BC8D-A3D136D8C2BC}"
EndProject
Global
	GlobalSection(SolutionConfigurationPlatforms) = preSolution
		Debug|Any CPU = Debug|Any CPU
		Release|Any CPU = Release|Any CPU
	EndGlobalSection
	GlobalSection(ProjectConfigurationPlatforms) = postSolution
		{47592833-72DE-4151-BC8D-A3D136D8C2BC}.Debug|Any CPU.ActiveCfg = Debug|Any CPU
		{47592833-72DE-4151-BC8D-A3D136D8C2BC}.Debug|Any CPU.Build.0 = Debug|Any CPU
		{47592833-72DE-4151-BC8D-A3D136D8C2BC}.Release|Any CPU.ActiveCfg = Release|Any CPU
		{47592833-72DE-4151-BC8D-A3D136D8C2BC}.Release|Any CPU.Build.0 = Release|Any CPU
	EndGlobalSection
	GlobalSection(SolutionProperties) = preSolution
		HideSolutionNode = FALSE
	EndGlobalSection
	GlobalSection(ExtensibilityGlobals) = postSolution
		SolutionGuid = {B1543834-A189-4445-8C51-59F588739A98}
	EndGlobalSection
EndGlobal
